
Microsoft Visual Studio Solution File, Format Version 12.00
# Visual Studio Version 16
VisualStudioVersion = 16.0.31624.102
MinimumVisualStudioVersion = 10.0.40219.1
Project("{FAE04EC0-301F-11D3-BF4B-00C04F79EFBC}") = "Address Book System", "Address Book System.csproj", "{31BBB6D6-330C-4811-84B8-3D6D5413DDBC}"
EndProject
Global
	GlobalSection(SolutionConfigurationPlatforms) = preSolution
		Debug|Any CPU = Debug|Any CPU
		Release|Any CPU = Release|Any CPU
	EndGlobalSection
	GlobalSection(ProjectConfigurationPlatforms) = postSolution
		{31BBB6D6-330C-4811-84B8-3D6D5413DDBC}.Debug|Any CPU.ActiveCfg = Debug|Any CPU
		{31BBB6D6-330C-4811-84B8-3D6D5413DDBC}.Debug|Any CPU.Build.0 = Debug|Any CPU
		{31BBB6D6-330C-4811-84B8-3D6D5413DDBC}.Release|Any CPU.ActiveCfg = Release|Any CPU
		{31BBB6D6-330C-4811-84B8-3D6D5413DDBC}.Release|Any CPU.Build.0 = Release|Any CPU
	EndGlobalSection
	GlobalSection(SolutionProperties) = preSolution
		HideSolutionNode = FALSE
	EndGlobalSection
	GlobalSection(ExtensibilityGlobals) = postSolution
		SolutionGuid = {1818045F-F301-445E-8BDE-3659CDE7BEEF}
	EndGlobalSection
EndGlobal
